
Microsoft Visual Studio Solution File, Format Version 12.00
# Visual Studio Version 16
VisualStudioVersion = 16.0.30804.86
MinimumVisualStudioVersion = 10.0.40219.1
Project("{FAE04EC0-301F-11D3-BF4B-00C04F79EFBC}") = "CodeBlogFitness.BL", "CodeBlogFitnessBL\CodeBlogFitness.BL.csproj", "{9CFA86CB-0320-4A5B-AE12-CA997FF0CE36}"
EndProject
Project("{FAE04EC0-301F-11D3-BF4B-00C04F79EFBC}") = "CodeBlogFitness.CMD", "CodeBlogFitness.CMD\CodeBlogFitness.CMD.csproj", "{DEB5EEBA-F921-4330-8C47-1E2A382F80BD}"
EndProject
Project("{FAE04EC0-301F-11D3-BF4B-00C04F79EFBC}") = "CodeBlogFitness.BLTests", "CodeBlogFitness.BLTests\CodeBlogFitness.BLTests.csproj", "{C3892910-5903-4E1A-9161-971890BD0F35}"
EndProject
Global
	GlobalSection(SolutionConfigurationPlatforms) = preSolution
		Debug|Any CPU = Debug|Any CPU
		Release|Any CPU = Release|Any CPU
	EndGlobalSection
	GlobalSection(ProjectConfigurationPlatforms) = postSolution
		{9CFA86CB-0320-4A5B-AE12-CA997FF0CE36}.Debug|Any CPU.ActiveCfg = Debug|Any CPU
		{9CFA86CB-0320-4A5B-AE12-CA997FF0CE36}.Debug|Any CPU.Build.0 = Debug|Any CPU
		{9CFA86CB-0320-4A5B-AE12-CA997FF0CE36}.Release|Any CPU.ActiveCfg = Release|Any CPU
		{9CFA86CB-0320-4A5B-AE12-CA997FF0CE36}.Release|Any CPU.Build.0 = Release|Any CPU
		{DEB5EEBA-F921-4330-8C47-1E2A382F80BD}.Debug|Any CPU.ActiveCfg = Debug|Any CPU
		{DEB5EEBA-F921-4330-8C47-1E2A382F80BD}.Debug|Any CPU.Build.0 = Debug|Any CPU
		{DEB5EEBA-F921-4330-8C47-1E2A382F80BD}.Release|Any CPU.ActiveCfg = Release|Any CPU
		{DEB5EEBA-F921-4330-8C47-1E2A382F80BD}.Release|Any CPU.Build.0 = Release|Any CPU
		{C3892910-5903-4E1A-9161-971890BD0F35}.Debug|Any CPU.ActiveCfg = Debug|Any CPU
		{C3892910-5903-4E1A-9161-971890BD0F35}.Debug|Any CPU.Build.0 = Debug|Any CPU
		{C3892910-5903-4E1A-9161-971890BD0F35}.Release|Any CPU.ActiveCfg = Release|Any CPU
		{C3892910-5903-4E1A-9161-971890BD0F35}.Release|Any CPU.Build.0 = Release|Any CPU
	EndGlobalSection
	GlobalSection(SolutionProperties) = preSolution
		HideSolutionNode = FALSE
	EndGlobalSection
	GlobalSection(ExtensibilityGlobals) = postSolution
		SolutionGuid = {D2F0F11C-888B-4A8B-92CA-588858199EF3}
	EndGlobalSection
EndGlobal
